// !$*UTF8*$!
{
	archiveVersion = 1;
	classes = {
	};
	objectVersion = 46;
	objects = {

/* Begin PBXBuildFile section */
		D8B0689C1E8C83880070614E /* AppDelegate.swift in Sources */ = {isa = PBXBuildFile; fileRef = D8B0689B1E8C83880070614E /* AppDelegate.swift */; };
		D8B0689E1E8C83880070614E /* ViewController.swift in Sources */ = {isa = PBXBuildFile; fileRef = D8B0689D1E8C83880070614E /* ViewController.swift */; };
		D8B068A11E8C83880070614E /* Main.storyboard in Resources */ = {isa = PBXBuildFile; fileRef = D8B0689F1E8C83880070614E /* Main.storyboard */; };
		D8B068A41E8C83880070614E /* CoreDataTesting.xcdatamodeld in Sources */ = {isa = PBXBuildFile; fileRef = D8B068A21E8C83880070614E /* CoreDataTesting.xcdatamodeld */; };
		D8B068A61E8C83880070614E /* Assets.xcassets in Resources */ = {isa = PBXBuildFile; fileRef = D8B068A51E8C83880070614E /* Assets.xcassets */; };
		D8B068A91E8C83880070614E /* LaunchScreen.storyboard in Resources */ = {isa = PBXBuildFile; fileRef = D8B068A71E8C83880070614E /* LaunchScreen.storyboard */; };
		D8B068B11E8C849F0070614E /* CoreDataManager.swift in Sources */ = {isa = PBXBuildFile; fileRef = D8B068B01E8C849F0070614E /* CoreDataManager.swift */; };
/* End PBXBuildFile section */

/* Begin PBXFileReference section */
		D8B068981E8C83880070614E /* CoreDataTesting.app */ = {isa = PBXFileReference; explicitFileType = wrapper.application; includeInIndex = 0; path = CoreDataTesting.app; sourceTree = BUILT_PRODUCTS_DIR; };
		D8B0689B1E8C83880070614E /* AppDelegate.swift */ = {isa = PBXFileReference; lastKnownFileType = sourcecode.swift; path = AppDelegate.swift; sourceTree = "<group>"; };
		D8B0689D1E8C83880070614E /* ViewController.swift */ = {isa = PBXFileReference; lastKnownFileType = sourcecode.swift; path = ViewController.swift; sourceTree = "<group>"; };
		D8B068A01E8C83880070614E /* Base */ = {isa = PBXFileReference; lastKnownFileType = file.storyboard; name = Base; path = Base.lproj/Main.storyboard; sourceTree = "<group>"; };
		D8B068A31E8C83880070614E /* CoreDataTesting.xcdatamodel */ = {isa = PBXFileReference; lastKnownFileType = wrapper.xcdatamodel; path = CoreDataTesting.xcdatamodel; sourceTree = "<group>"; };
		D8B068A51E8C83880070614E /* Assets.xcassets */ = {isa = PBXFileReference; lastKnownFileType = folder.assetcatalog; path = Assets.xcassets; sourceTree = "<group>"; };
		D8B068A81E8C83880070614E /* Base */ = {isa = PBXFileReference; lastKnownFileType = file.storyboard; name = Base; path = Base.lproj/LaunchScreen.storyboard; sourceTree = "<group>"; };
		D8B068AA1E8C83880070614E /* Info.plist */ = {isa = PBXFileReference; lastKnownFileType = text.plist.xml; path = Info.plist; sourceTree = "<group>"; };
		D8B068B01E8C849F0070614E /* CoreDataManager.swift */ = {isa = PBXFileReference; fileEncoding = 4; lastKnownFileType = sourcecode.swift; path = CoreDataManager.swift; sourceTree = "<group>"; };
/* End PBXFileReference section */

/* Begin PBXFrameworksBuildPhase section */
		D8B068951E8C83880070614E /* Frameworks */ = {
			isa = PBXFrameworksBuildPhase;
			buildActionMask = 2147483647;
			files = (
			);
			runOnlyForDeploymentPostprocessing = 0;
		};
/* End PBXFrameworksBuildPhase section */

/* Begin PBXGroup section */
		D8B0688F1E8C83880070614E = {
			isa = PBXGroup;
			children = (
				D8B0689A1E8C83880070614E /* CoreDataTesting */,
				D8B068991E8C83880070614E /* Products */,
			);
			sourceTree = "<group>";
		};
		D8B068991E8C83880070614E /* Products */ = {
			isa = PBXGroup;
			children = (
				D8B068981E8C83880070614E /* CoreDataTesting.app */,
			);
			name = Products;
			sourceTree = "<group>";
		};
		D8B0689A1E8C83880070614E /* CoreDataTesting */ = {
			isa = PBXGroup;
			children = (
				D8B0689B1E8C83880070614E /* AppDelegate.swift */,
				D8B0689D1E8C83880070614E /* ViewController.swift */,
				D8B068B01E8C849F0070614E /* CoreDataManager.swift */,
				D8B0689F1E8C83880070614E /* Main.storyboard */,
				D8B068A51E8C83880070614E /* Assets.xcassets */,
				D8B068A71E8C83880070614E /* LaunchScreen.storyboard */,
				D8B068AA1E8C83880070614E /* Info.plist */,
				D8B068A21E8C83880070614E /* CoreDataTesting.xcdatamodeld */,
			);
			path = CoreDataTesting;
			sourceTree = "<group>";
		};
/* End PBXGroup section */

/* Begin PBXNativeTarget section */
		D8B068971E8C83880070614E /* CoreDataTesting */ = {
			isa = PBXNativeTarget;
			buildConfigurationList = D8B068AD1E8C83880070614E /* Build configuration list for PBXNativeTarget "CoreDataTesting" */;
			buildPhases = (
				D8B068941E8C83880070614E /* Sources */,
				D8B068951E8C83880070614E /* Frameworks */,
				D8B068961E8C83880070614E /* Resources */,
			);
			buildRules = (
			);
			dependencies = (
			);
			name = CoreDataTesting;
			productName = CoreDataTesting;
			productReference = D8B068981E8C83880070614E /* CoreDataTesting.app */;
			productType = "com.apple.product-type.application";
		};
/* End PBXNativeTarget section */

/* Begin PBXProject section */
		D8B068901E8C83880070614E /* Project object */ = {
			isa = PBXProject;
			attributes = {
				LastSwiftUpdateCheck = 0830;
				LastUpgradeCheck = 0830;
				ORGANIZATIONNAME = "Harsh Shah";
				TargetAttributes = {
					D8B068971E8C83880070614E = {
						CreatedOnToolsVersion = 8.3;
						DevelopmentTeam = P65SXUVNDC;
						ProvisioningStyle = Automatic;
					};
				};
			};
			buildConfigurationList = D8B068931E8C83880070614E /* Build configuration list for PBXProject "CoreDataTesting" */;
			compatibilityVersion = "Xcode 3.2";
			developmentRegion = English;
			hasScannedForEncodings = 0;
			knownRegions = (
				en,
				Base,
			);
			mainGroup = D8B0688F1E8C83880070614E;
			productRefGroup = D8B068991E8C83880070614E /* Products */;
			projectDirPath = "";
			projectRoot = "";
			targets = (
				D8B068971E8C83880070614E /* CoreDataTesting */,
			);
		};
/* End PBXProject section */

/* Begin PBXResourcesBuildPhase section */
		D8B068961E8C83880070614E /* Resources */ = {
			isa = PBXResourcesBuildPhase;
			buildActionMask = 2147483647;
			files = (
				D8B068A91E8C83880070614E /* LaunchScreen.storyboard in Resources */,
				D8B068A61E8C83880070614E /* Assets.xcassets in Resources */,
				D8B068A11E8C83880070614E /* Main.storyboard in Resources */,
			);
			runOnlyForDeploymentPostprocessing = 0;
		};
/* End PBXResourcesBuildPhase section */

/* Begin PBXSourcesBuildPhase section */
		D8B068941E8C83880070614E /* Sources */ = {
			isa = PBXSourcesBuildPhase;
			buildActionMask = 2147483647;
			files = (
				D8B068A41E8C83880070614E /* CoreDataTesting.xcdatamodeld in Sources */,
				D8B0689E1E8C83880070614E /* ViewController.swift in Sources */,
				D8B068B11E8C849F0070614E /* CoreDataManager.swift in Sources */,
				D8B0689C1E8C83880070614E /* AppDelegate.swift in Sources */,
			);
			runOnlyForDeploymentPostprocessing = 0;
		};
/* End PBXSourcesBuildPhase section */

/* Begin PBXVariantGroup section */
		D8B0689F1E8C83880070614E /* Main.storyboard */ = {
			isa = PBXVariantGroup;
			children = (
				D8B068A01E8C83880070614E /* Base */,
			);
			name = Main.storyboard;
			sourceTree = "<group>";
		};
		D8B068A71E8C83880070614E /* LaunchScreen.storyboard */ = {
			isa = PBXVariantGroup;
			children = (
				D8B068A81E8C83880070614E /* Base */,
			);
			name = LaunchScreen.storyboard;
			sourceTree = "<group>";
		};
/* End PBXVariantGroup section */

/* Begin XCBuildConfiguration section */
		D8B068AB1E8C83880070614E /* Debug */ = {
			isa = XCBuildConfiguration;
			buildSettings = {
				ALWAYS_SEARCH_USER_PATHS = NO;
				CLANG_ANALYZER_NONNULL = YES;
				CLANG_ANALYZER_NUMBER_OBJECT_CONVERSION = YES_AGGRESSIVE;
				CLANG_CXX_LANGUAGE_STANDARD = "gnu++0x";
				CLANG_CXX_LIBRARY = "libc++";
				CLANG_ENABLE_MODULES = YES;
				CLANG_ENABLE_OBJC_ARC = YES;
				CLANG_WARN_BOOL_CONVERSION = YES;
				CLANG_WARN_CONSTANT_CONVERSION = YES;
				CLANG_WARN_DIRECT_OBJC_ISA_USAGE = YES_ERROR;
				CLANG_WARN_DOCUMENTATION_COMMENTS = YES;
				CLANG_WARN_EMPTY_BODY = YES;
				CLANG_WARN_ENUM_CONVERSION = YES;
				CLANG_WARN_INFINITE_RECURSION = YES;
				CLANG_WARN_INT_CONVERSION = YES;
				CLANG_WARN_OBJC_ROOT_CLASS = YES_ERROR;
				CLANG_WARN_SUSPICIOUS_MOVE = YES;
				CLANG_WARN_UNREACHABLE_CODE = YES;
				CLANG_WARN__DUPLICATE_METHOD_MATCH = YES;
				"CODE_SIGN_IDENTITY[sdk=iphoneos*]" = "iPhone Developer";
				COPY_PHASE_STRIP = NO;
				DEBUG_INFORMATION_FORMAT = dwarf;
				ENABLE_STRICT_OBJC_MSGSEND = YES;
				ENABLE_TESTABILITY = YES;
				GCC_C_LANGUAGE_STANDARD = gnu99;
				GCC_DYNAMIC_NO_PIC = NO;
				GCC_NO_COMMON_BLOCKS = YES;
				GCC_OPTIMIZATION_LEVEL = 0;
				GCC_PREPROCESSOR_DEFINITIONS = (
					"DEBUG=1",
					"$(inherited)",
				);
				GCC_WARN_64_TO_32_BIT_CONVERSION = YES;
				GCC_WARN_ABOUT_RETURN_TYPE = YES_ERROR;
				GCC_WARN_UNDECLARED_SELECTOR = YES;
				GCC_WARN_UNINITIALIZED_AUTOS = YES_AGGRESSIVE;
				GCC_WARN_UNUSED_FUNCTION = YES;
				GCC_WARN_UNUSED_VARIABLE = YES;
				IPHONEOS_DEPLOYMENT_TARGET = 10.3;
				MTL_ENABLE_DEBUG_INFO = YES;
				ONLY_ACTIVE_ARCH = YES;
				SDKROOT = iphoneos;
				SWIFT_ACTIVE_COMPILATION_CONDITIONS = DEBUG;
				SWIFT_OPTIMIZATION_LEVEL = "-Onone";
			};
			name = Debug;
		};
		D8B068AC1E8C83880070614E /* Release */ = {
			isa = XCBuildConfiguration;
			buildSettings = {
				ALWAYS_SEARCH_USER_PATHS = NO;
				CLANG_ANALYZER_NONNULL = YES;
				CLANG_ANALYZER_NUMBER_OBJECT_CONVERSION = YES_AGGRESSIVE;
				CLANG_CXX_LANGUAGE_STANDARD = "gnu++0x";
				CLANG_CXX_LIBRARY = "libc++";
				CLANG_ENABLE_MODULES = YES;
				CLANG_ENABLE_OBJC_ARC = YES;
				CLANG_WARN_BOOL_CONVERSION = YES;
				CLANG_WARN_CONSTANT_CONVERSION = YES;
				CLANG_WARN_DIRECT_OBJC_ISA_USAGE = YES_ERROR;
				CLANG_WARN_DOCUMENTATION_COMMENTS = YES;
				CLANG_WARN_EMPTY_BODY = YES;
				CLANG_WARN_ENUM_CONVERSION = YES;
				CLANG_WARN_INFINITE_RECURSION = YES;
				CLANG_WARN_INT_CONVERSION = YES;
				CLANG_WARN_OBJC_ROOT_CLASS = YES_ERROR;
				CLANG_WARN_SUSPICIOUS_MOVE = YES;
				CLANG_WARN_UNREACHABLE_CODE = YES;
				CLANG_WARN__DUPLICATE_METHOD_MATCH = YES;
				"CODE_SIGN_IDENTITY[sdk=iphoneos*]" = "iPhone Developer";
				COPY_PHASE_STRIP = NO;
				DEBUG_INFORMATION_FORMAT = "dwarf-with-dsym";
				ENABLE_NS_ASSERTIONS = NO;
				ENABLE_STRICT_OBJC_MSGSEND = YES;
				GCC_C_LANGUAGE_STANDARD = gnu99;
				GCC_NO_COMMON_BLOCKS = YES;
				GCC_WARN_64_TO_32_BIT_CONVERSION = YES;
				GCC_WARN_ABOUT_RETURN_TYPE = YES_ERROR;
				GCC_WARN_UNDECLARED_SELECTOR = YES;
				GCC_WARN_UNINITIALIZED_AUTOS = YES_AGGRESSIVE;
				GCC_WARN_UNUSED_FUNCTION = YES;
				GCC_WARN_UNUSED_VARIABLE = YES;
				IPHONEOS_DEPLOYMENT_TARGET = 10.3;
				MTL_ENABLE_DEBUG_INFO = NO;
				SDKROOT = iphoneos;
				SWIFT_OPTIMIZATION_LEVEL = "-Owholemodule";
				VALIDATE_PRODUCT = YES;
			};
			name = Release;
		};
		D8B068AE1E8C83880070614E /* Debug */ = {
			isa = XCBuildConfiguration;
			buildSettings = {
				ASSETCATALOG_COMPILER_APPICON_NAME = AppIcon;
				DEVELOPMENT_TEAM = P65SXUVNDC;
				INFOPLIST_FILE = CoreDataTesting/Info.plist;
				LD_RUNPATH_SEARCH_PATHS = "$(inherited) @executable_path/Frameworks";
				PRODUCT_BUNDLE_IDENTIFIER = com.harshbshah.CoreDataTesting;
				PRODUCT_NAME = "$(TARGET_NAME)";
				SWIFT_VERSION = 3.0;
			};
			name = Debug;
		};
		D8B068AF1E8C83880070614E /* Release */ = {
			isa = XCBuildConfiguration;
			buildSettings = {
				ASSETCATALOG_COMPILER_APPICON_NAME = AppIcon;
				DEVELOPMENT_TEAM = P65SXUVNDC;
				INFOPLIST_FILE = CoreDataTesting/Info.plist;
				LD_RUNPATH_SEARCH_PATHS = "$(inherited) @executable_path/Frameworks";
				PRODUCT_BUNDLE_IDENTIFIER = com.harshbshah.CoreDataTesting;
				PRODUCT_NAME = "$(TARGET_NAME)";
				SWIFT_VERSION = 3.0;
			};
			name = Release;
		};
/* End XCBuildConfiguration section */

/* Begin XCConfigurationList section */
		D8B068931E8C83880070614E /* Build configuration list for PBXProject "CoreDataTesting" */ = {
			isa = XCConfigurationList;
			buildConfigurations = (
				D8B068AB1E8C83880070614E /* Debug */,
				D8B068AC1E8C83880070614E /* Release */,
			);
			defaultConfigurationIsVisible = 0;
			defaultConfigurationName = Release;
		};
		D8B068AD1E8C83880070614E /* Build configuration list for PBXNativeTarget "CoreDataTesting" */ = {
			isa = XCConfigurationList;
			buildConfigurations = (
				D8B068AE1E8C83880070614E /* Debug */,
				D8B068AF1E8C83880070614E /* Release */,
			);
			defaultConfigurationIsVisible = 0;
		};
/* End XCConfigurationList section */

/* Begin XCVersionGroup section */
		D8B068A21E8C83880070614E /* CoreDataTesting.xcdatamodeld */ = {
			isa = XCVersionGroup;
			children = (
				D8B068A31E8C83880070614E /* CoreDataTesting.xcdatamodel */,
			);
			currentVersion = D8B068A31E8C83880070614E /* CoreDataTesting.xcdatamodel */;
			path = CoreDataTesting.xcdatamodeld;
			sourceTree = "<group>";
			versionGroupType = wrapper.xcdatamodel;
		};
/* End XCVersionGroup section */
	};
	rootObject = D8B068901E8C83880070614E /* Project object */;
}
